
Microsoft Visual Studio Solution File, Format Version 12.00
# Visual Studio Version 16
VisualStudioVersion = 16.0.32413.511
MinimumVisualStudioVersion = 10.0.40219.1
Project("{FAE04EC0-301F-11D3-BF4B-00C04F79EFBC}") = "Priprema_varijable2", "Priprema_varijable2\Priprema_varijable2.csproj", "{1ACDC561-AF6B-4491-8E7F-8A2E14984DBF}"
EndProject
Global
	GlobalSection(SolutionConfigurationPlatforms) = preSolution
		Debug|Any CPU = Debug|Any CPU
		Release|Any CPU = Release|Any CPU
	EndGlobalSection
	GlobalSection(ProjectConfigurationPlatforms) = postSolution
		{1ACDC561-AF6B-4491-8E7F-8A2E14984DBF}.Debug|Any CPU.ActiveCfg = Debug|Any CPU
		{1ACDC561-AF6B-4491-8E7F-8A2E14984DBF}.Debug|Any CPU.Build.0 = Debug|Any CPU
		{1ACDC561-AF6B-4491-8E7F-8A2E14984DBF}.Release|Any CPU.ActiveCfg = Release|Any CPU
		{1ACDC561-AF6B-4491-8E7F-8A2E14984DBF}.Release|Any CPU.Build.0 = Release|Any CPU
	EndGlobalSection
	GlobalSection(SolutionProperties) = preSolution
		HideSolutionNode = FALSE
	EndGlobalSection
	GlobalSection(ExtensibilityGlobals) = postSolution
		SolutionGuid = {85F81126-396A-4CCE-A6CD-978A165A215F}
	EndGlobalSection
EndGlobal
